
Microsoft Visual Studio Solution File, Format Version 12.00
# Visual Studio Version 17
VisualStudioVersion = 17.4.33205.214
MinimumVisualStudioVersion = 10.0.40219.1
Project("{FAE04EC0-301F-11D3-BF4B-00C04F79EFBC}") = "Ex05", "Ex05\Ex05.csproj", "{27220505-1CF9-4F8B-B9A2-062190682610}"
EndProject
Global
	GlobalSection(SolutionConfigurationPlatforms) = preSolution
		Debug|Any CPU = Debug|Any CPU
		Release|Any CPU = Release|Any CPU
	EndGlobalSection
	GlobalSection(ProjectConfigurationPlatforms) = postSolution
		{27220505-1CF9-4F8B-B9A2-062190682610}.Debug|Any CPU.ActiveCfg = Debug|Any CPU
		{27220505-1CF9-4F8B-B9A2-062190682610}.Debug|Any CPU.Build.0 = Debug|Any CPU
		{27220505-1CF9-4F8B-B9A2-062190682610}.Release|Any CPU.ActiveCfg = Release|Any CPU
		{27220505-1CF9-4F8B-B9A2-062190682610}.Release|Any CPU.Build.0 = Release|Any CPU
	EndGlobalSection
	GlobalSection(SolutionProperties) = preSolution
		HideSolutionNode = FALSE
	EndGlobalSection
	GlobalSection(ExtensibilityGlobals) = postSolution
		SolutionGuid = {5B841FD0-2992-4BD4-B552-37F0CF2C5C0C}
	EndGlobalSection
EndGlobal
