
Microsoft Visual Studio Solution File, Format Version 12.00
# Visual Studio Version 17
VisualStudioVersion = 17.4.33205.214
MinimumVisualStudioVersion = 10.0.40219.1
Project("{FAE04EC0-301F-11D3-BF4B-00C04F79EFBC}") = "ex08", "ex08\ex08.csproj", "{4FAD7268-4700-478C-A9B5-887AD58D1EC8}"
EndProject
Global
	GlobalSection(SolutionConfigurationPlatforms) = preSolution
		Debug|Any CPU = Debug|Any CPU
		Release|Any CPU = Release|Any CPU
	EndGlobalSection
	GlobalSection(ProjectConfigurationPlatforms) = postSolution
		{4FAD7268-4700-478C-A9B5-887AD58D1EC8}.Debug|Any CPU.ActiveCfg = Debug|Any CPU
		{4FAD7268-4700-478C-A9B5-887AD58D1EC8}.Debug|Any CPU.Build.0 = Debug|Any CPU
		{4FAD7268-4700-478C-A9B5-887AD58D1EC8}.Release|Any CPU.ActiveCfg = Release|Any CPU
		{4FAD7268-4700-478C-A9B5-887AD58D1EC8}.Release|Any CPU.Build.0 = Release|Any CPU
	EndGlobalSection
	GlobalSection(SolutionProperties) = preSolution
		HideSolutionNode = FALSE
	EndGlobalSection
	GlobalSection(ExtensibilityGlobals) = postSolution
		SolutionGuid = {CE327C43-6104-4FEE-B680-FAE6AB83EF7C}
	EndGlobalSection
EndGlobal
