
Microsoft Visual Studio Solution File, Format Version 12.00
# Visual Studio Version 17
VisualStudioVersion = 17.4.33205.214
MinimumVisualStudioVersion = 10.0.40219.1
Project("{FAE04EC0-301F-11D3-BF4B-00C04F79EFBC}") = "ex07", "ex07\ex07.csproj", "{6ADD7D95-88B9-4292-A44E-ED75F50CA3F4}"
EndProject
Global
	GlobalSection(SolutionConfigurationPlatforms) = preSolution
		Debug|Any CPU = Debug|Any CPU
		Release|Any CPU = Release|Any CPU
	EndGlobalSection
	GlobalSection(ProjectConfigurationPlatforms) = postSolution
		{6ADD7D95-88B9-4292-A44E-ED75F50CA3F4}.Debug|Any CPU.ActiveCfg = Debug|Any CPU
		{6ADD7D95-88B9-4292-A44E-ED75F50CA3F4}.Debug|Any CPU.Build.0 = Debug|Any CPU
		{6ADD7D95-88B9-4292-A44E-ED75F50CA3F4}.Release|Any CPU.ActiveCfg = Release|Any CPU
		{6ADD7D95-88B9-4292-A44E-ED75F50CA3F4}.Release|Any CPU.Build.0 = Release|Any CPU
	EndGlobalSection
	GlobalSection(SolutionProperties) = preSolution
		HideSolutionNode = FALSE
	EndGlobalSection
	GlobalSection(ExtensibilityGlobals) = postSolution
		SolutionGuid = {98F71BCA-11B3-493E-B627-17E149914248}
	EndGlobalSection
EndGlobal
